
Microsoft Visual Studio Solution File, Format Version 12.00
# Visual Studio 15
VisualStudioVersion = 15.0.28307.136
MinimumVisualStudioVersion = 10.0.40219.1
Project("{FAE04EC0-301F-11D3-BF4B-00C04F79EFBC}") = "CustomHeaderColourDataGrid.DemoApp", "CustomHeaderColourDataGrid.App\CustomHeaderColourDataGrid.DemoApp.csproj", "{DF310DCD-C4CD-4CE5-A22D-D7F16D6424FF}"
EndProject
Project("{FAE04EC0-301F-11D3-BF4B-00C04F79EFBC}") = "CustomHeaderColourDataGrid", "CustomHeaderColourDataGrid\CustomHeaderColourDataGrid.csproj", "{12D34E8B-00C6-4B54-A5D0-D0CA97B8A8F3}"
EndProject
Global
	GlobalSection(SolutionConfigurationPlatforms) = preSolution
		Debug|Any CPU = Debug|Any CPU
		Release|Any CPU = Release|Any CPU
	EndGlobalSection
	GlobalSection(ProjectConfigurationPlatforms) = postSolution
		{DF310DCD-C4CD-4CE5-A22D-D7F16D6424FF}.Debug|Any CPU.ActiveCfg = Debug|Any CPU
		{DF310DCD-C4CD-4CE5-A22D-D7F16D6424FF}.Debug|Any CPU.Build.0 = Debug|Any CPU
		{DF310DCD-C4CD-4CE5-A22D-D7F16D6424FF}.Release|Any CPU.ActiveCfg = Release|Any CPU
		{DF310DCD-C4CD-4CE5-A22D-D7F16D6424FF}.Release|Any CPU.Build.0 = Release|Any CPU
		{12D34E8B-00C6-4B54-A5D0-D0CA97B8A8F3}.Debug|Any CPU.ActiveCfg = Debug|Any CPU
		{12D34E8B-00C6-4B54-A5D0-D0CA97B8A8F3}.Debug|Any CPU.Build.0 = Debug|Any CPU
		{12D34E8B-00C6-4B54-A5D0-D0CA97B8A8F3}.Release|Any CPU.ActiveCfg = Release|Any CPU
		{12D34E8B-00C6-4B54-A5D0-D0CA97B8A8F3}.Release|Any CPU.Build.0 = Release|Any CPU
	EndGlobalSection
	GlobalSection(SolutionProperties) = preSolution
		HideSolutionNode = FALSE
	EndGlobalSection
	GlobalSection(ExtensibilityGlobals) = postSolution
		SolutionGuid = {02E4F78B-0895-47F1-9469-4C2C49908F72}
	EndGlobalSection
EndGlobal
